{
  "object": {
    "pins": [
      {
        "package": "Lottie",
        "repositoryURL": "https://github.com/airbnb/lottie-spm.git",
        "state": {
          "branch": null,
          "revision": "60ea4f82fba8b4cb21a75665a889e86ed4d81c6e",
          "version": "4.2.0"
        }
      },
      {
        "package": "Sentry",
        "repositoryURL": "https://github.com/getsentry/sentry-cocoa.git",
        "state": {
          "branch": null,
          "revision": "5238cc5f12c2b75027730a54ecf632cf103daf21",
          "version": "7.31.4"
        }
      }
    ]
  },
  "version": 1
}
