{
  "object": {
    "pins": [
      {
        "package": "Lottie",
        "repositoryURL": "https://github.com/airbnb/lottie-ios.git",
        "state": {
          "branch": null,
          "revision": "769b88d83a42ca8d5572b020c96f47e3690b3796",
          "version": "4.4.3"
        }
      }
    ]
  },
  "version": 1
}
