{
  "object": {
    "pins": [
      {
        "package": "Lottie",
        "repositoryURL": "https://github.com/airbnb/lottie-ios.git",
        "state": {
          "branch": null,
          "revision": "4e51b71c6ef1b645c9a83de112d627c919143137",
          "version": "4.1.3"
        }
      },
      {
        "package": "Sentry",
        "repositoryURL": "https://github.com/getsentry/sentry-cocoa.git",
        "state": {
          "branch": null,
          "revision": "cf43eac1aa12017868c257ad3854ad87a5de0758",
          "version": "7.31.5"
        }
      }
    ]
  },
  "version": 1
}
